<?xml version="1.0" encoding="UTF-8"?>
<Project ToolsVersion="4.0" xmlns="http://schemas.microsoft.com/developer/msbuild/2003">
  <ItemGroup>
    <CustomBuild Include="..\CMakeFiles\c5c294b943e7e357e0e1dc08a4cbaa1e\INSTALL_force.rule">
      <Filter>CMake Rules</Filter>
    </CustomBuild>
  </ItemGroup>
  <ItemGroup>
    <Filter Include="CMake Rules">
      <UniqueIdentifier>{B9FDA774-4AD1-4CB2-A4AB-293E7B1C9CC9}</UniqueIdentifier>
    </Filter>
  </ItemGroup>
</Project>
